// !$*UTF8*$!
{
	archiveVersion = 1;
	classes = {
	};
	objectVersion = 48;
	objects = {

/* Begin PBXBuildFile section */
		C5B7945F86E4412C6037BBD1 /* Pods_yukimoto.framework in Frameworks */ = {isa = PBXBuildFile; fileRef = 3F972D302ECABA0B1C75EC24 /* Pods_yukimoto.framework */; };
		DE11E0C11FB032D100D88539 /* AppDelegate.swift in Sources */ = {isa = PBXBuildFile; fileRef = DE11E0C01FB032D100D88539 /* AppDelegate.swift */; };
		DE11E0C31FB032D100D88539 /* ViewController.swift in Sources */ = {isa = PBXBuildFile; fileRef = DE11E0C21FB032D100D88539 /* ViewController.swift */; };
		DE11E0C61FB032D100D88539 /* Main.storyboard in Resources */ = {isa = PBXBuildFile; fileRef = DE11E0C41FB032D100D88539 /* Main.storyboard */; };
		DE11E0C81FB032D100D88539 /* Assets.xcassets in Resources */ = {isa = PBXBuildFile; fileRef = DE11E0C71FB032D100D88539 /* Assets.xcassets */; };
		DE11E0CB1FB032D100D88539 /* LaunchScreen.storyboard in Resources */ = {isa = PBXBuildFile; fileRef = DE11E0C91FB032D100D88539 /* LaunchScreen.storyboard */; };
		DE11E0D41FB03A6200D88539 /* YukimotoNetworkClient.swift in Sources */ = {isa = PBXBuildFile; fileRef = DE11E0D31FB03A6200D88539 /* YukimotoNetworkClient.swift */; };
		DE11E0D61FB03ADF00D88539 /* YukimotoConfig.swift in Sources */ = {isa = PBXBuildFile; fileRef = DE11E0D51FB03ADF00D88539 /* YukimotoConfig.swift */; };
		DE11E0D91FB03FC300D88539 /* UserToken.swift in Sources */ = {isa = PBXBuildFile; fileRef = DE11E0D81FB03FC300D88539 /* UserToken.swift */; };
/* End PBXBuildFile section */

/* Begin PBXFileReference section */
		3F972D302ECABA0B1C75EC24 /* Pods_yukimoto.framework */ = {isa = PBXFileReference; explicitFileType = wrapper.framework; includeInIndex = 0; path = Pods_yukimoto.framework; sourceTree = BUILT_PRODUCTS_DIR; };
		75C11DBEE59A8404278DED37 /* Pods-yukimoto.debug.xcconfig */ = {isa = PBXFileReference; includeInIndex = 1; lastKnownFileType = text.xcconfig; name = "Pods-yukimoto.debug.xcconfig"; path = "Pods/Target Support Files/Pods-yukimoto/Pods-yukimoto.debug.xcconfig"; sourceTree = "<group>"; };
		85CB86265A7C01EDD9E1C3A8 /* Pods-yukimoto.release.xcconfig */ = {isa = PBXFileReference; includeInIndex = 1; lastKnownFileType = text.xcconfig; name = "Pods-yukimoto.release.xcconfig"; path = "Pods/Target Support Files/Pods-yukimoto/Pods-yukimoto.release.xcconfig"; sourceTree = "<group>"; };
		DE11E0BD1FB032D100D88539 /* yukimoto.app */ = {isa = PBXFileReference; explicitFileType = wrapper.application; includeInIndex = 0; path = yukimoto.app; sourceTree = BUILT_PRODUCTS_DIR; };
		DE11E0C01FB032D100D88539 /* AppDelegate.swift */ = {isa = PBXFileReference; lastKnownFileType = sourcecode.swift; path = AppDelegate.swift; sourceTree = "<group>"; };
		DE11E0C21FB032D100D88539 /* ViewController.swift */ = {isa = PBXFileReference; lastKnownFileType = sourcecode.swift; path = ViewController.swift; sourceTree = "<group>"; };
		DE11E0C51FB032D100D88539 /* Base */ = {isa = PBXFileReference; lastKnownFileType = file.storyboard; name = Base; path = Base.lproj/Main.storyboard; sourceTree = "<group>"; };
		DE11E0C71FB032D100D88539 /* Assets.xcassets */ = {isa = PBXFileReference; lastKnownFileType = folder.assetcatalog; path = Assets.xcassets; sourceTree = "<group>"; };
		DE11E0CA1FB032D100D88539 /* Base */ = {isa = PBXFileReference; lastKnownFileType = file.storyboard; name = Base; path = Base.lproj/LaunchScreen.storyboard; sourceTree = "<group>"; };
		DE11E0CC1FB032D100D88539 /* Info.plist */ = {isa = PBXFileReference; lastKnownFileType = text.plist.xml; path = Info.plist; sourceTree = "<group>"; };
		DE11E0D31FB03A6200D88539 /* YukimotoNetworkClient.swift */ = {isa = PBXFileReference; lastKnownFileType = sourcecode.swift; path = YukimotoNetworkClient.swift; sourceTree = "<group>"; };
		DE11E0D51FB03ADF00D88539 /* YukimotoConfig.swift */ = {isa = PBXFileReference; lastKnownFileType = sourcecode.swift; path = YukimotoConfig.swift; sourceTree = "<group>"; };
		DE11E0D81FB03FC300D88539 /* UserToken.swift */ = {isa = PBXFileReference; lastKnownFileType = sourcecode.swift; path = UserToken.swift; sourceTree = "<group>"; };
/* End PBXFileReference section */

/* Begin PBXFrameworksBuildPhase section */
		DE11E0BA1FB032D100D88539 /* Frameworks */ = {
			isa = PBXFrameworksBuildPhase;
			buildActionMask = 2147483647;
			files = (
				C5B7945F86E4412C6037BBD1 /* Pods_yukimoto.framework in Frameworks */,
			);
			runOnlyForDeploymentPostprocessing = 0;
		};
/* End PBXFrameworksBuildPhase section */

/* Begin PBXGroup section */
		16111D6908D100E82C43B429 /* Frameworks */ = {
			isa = PBXGroup;
			children = (
				3F972D302ECABA0B1C75EC24 /* Pods_yukimoto.framework */,
			);
			name = Frameworks;
			sourceTree = "<group>";
		};
		77975AAA2CFBB648376D48BE /* Pods */ = {
			isa = PBXGroup;
			children = (
				75C11DBEE59A8404278DED37 /* Pods-yukimoto.debug.xcconfig */,
				85CB86265A7C01EDD9E1C3A8 /* Pods-yukimoto.release.xcconfig */,
			);
			name = Pods;
			sourceTree = "<group>";
		};
		DE11E0B41FB032D000D88539 = {
			isa = PBXGroup;
			children = (
				DE11E0BF1FB032D100D88539 /* yukimoto */,
				DE11E0BE1FB032D100D88539 /* Products */,
				77975AAA2CFBB648376D48BE /* Pods */,
				16111D6908D100E82C43B429 /* Frameworks */,
			);
			sourceTree = "<group>";
		};
		DE11E0BE1FB032D100D88539 /* Products */ = {
			isa = PBXGroup;
			children = (
				DE11E0BD1FB032D100D88539 /* yukimoto.app */,
			);
			name = Products;
			sourceTree = "<group>";
		};
		DE11E0BF1FB032D100D88539 /* yukimoto */ = {
			isa = PBXGroup;
			children = (
				DE11E0D71FB03F9B00D88539 /* Storage */,
				DE11E0D21FB03A1900D88539 /* Network */,
				DE11E0C01FB032D100D88539 /* AppDelegate.swift */,
				DE11E0C21FB032D100D88539 /* ViewController.swift */,
				DE11E0C41FB032D100D88539 /* Main.storyboard */,
				DE11E0C71FB032D100D88539 /* Assets.xcassets */,
				DE11E0C91FB032D100D88539 /* LaunchScreen.storyboard */,
				DE11E0CC1FB032D100D88539 /* Info.plist */,
				DE11E0D51FB03ADF00D88539 /* YukimotoConfig.swift */,
			);
			path = yukimoto;
			sourceTree = "<group>";
		};
		DE11E0D21FB03A1900D88539 /* Network */ = {
			isa = PBXGroup;
			children = (
				DE11E0D31FB03A6200D88539 /* YukimotoNetworkClient.swift */,
			);
			path = Network;
			sourceTree = "<group>";
		};
		DE11E0D71FB03F9B00D88539 /* Storage */ = {
			isa = PBXGroup;
			children = (
				DE11E0D81FB03FC300D88539 /* UserToken.swift */,
			);
			path = Storage;
			sourceTree = "<group>";
		};
/* End PBXGroup section */

/* Begin PBXNativeTarget section */
		DE11E0BC1FB032D100D88539 /* yukimoto */ = {
			isa = PBXNativeTarget;
			buildConfigurationList = DE11E0CF1FB032D100D88539 /* Build configuration list for PBXNativeTarget "yukimoto" */;
			buildPhases = (
				4285C8AC2B3B242CF59FC698 /* [CP] Check Pods Manifest.lock */,
				DE11E0B91FB032D100D88539 /* Sources */,
				DE11E0BA1FB032D100D88539 /* Frameworks */,
				DE11E0BB1FB032D100D88539 /* Resources */,
				8ECFF316D5FD3D24A00AC1CB /* [CP] Embed Pods Frameworks */,
				613C381FC8016D404E39C56D /* [CP] Copy Pods Resources */,
			);
			buildRules = (
			);
			dependencies = (
			);
			name = yukimoto;
			productName = yukimoto;
			productReference = DE11E0BD1FB032D100D88539 /* yukimoto.app */;
			productType = "com.apple.product-type.application";
		};
/* End PBXNativeTarget section */

/* Begin PBXProject section */
		DE11E0B51FB032D000D88539 /* Project object */ = {
			isa = PBXProject;
			attributes = {
				LastSwiftUpdateCheck = 0910;
				LastUpgradeCheck = 0910;
				ORGANIZATIONNAME = "雪本大樹";
				TargetAttributes = {
					DE11E0BC1FB032D100D88539 = {
						CreatedOnToolsVersion = 9.1;
						ProvisioningStyle = Automatic;
					};
				};
			};
			buildConfigurationList = DE11E0B81FB032D000D88539 /* Build configuration list for PBXProject "yukimoto" */;
			compatibilityVersion = "Xcode 8.0";
			developmentRegion = en;
			hasScannedForEncodings = 0;
			knownRegions = (
				en,
				Base,
			);
			mainGroup = DE11E0B41FB032D000D88539;
			productRefGroup = DE11E0BE1FB032D100D88539 /* Products */;
			projectDirPath = "";
			projectRoot = "";
			targets = (
				DE11E0BC1FB032D100D88539 /* yukimoto */,
			);
		};
/* End PBXProject section */

/* Begin PBXResourcesBuildPhase section */
		DE11E0BB1FB032D100D88539 /* Resources */ = {
			isa = PBXResourcesBuildPhase;
			buildActionMask = 2147483647;
			files = (
				DE11E0CB1FB032D100D88539 /* LaunchScreen.storyboard in Resources */,
				DE11E0C81FB032D100D88539 /* Assets.xcassets in Resources */,
				DE11E0C61FB032D100D88539 /* Main.storyboard in Resources */,
			);
			runOnlyForDeploymentPostprocessing = 0;
		};
/* End PBXResourcesBuildPhase section */

/* Begin PBXShellScriptBuildPhase section */
		4285C8AC2B3B242CF59FC698 /* [CP] Check Pods Manifest.lock */ = {
			isa = PBXShellScriptBuildPhase;
			buildActionMask = 2147483647;
			files = (
			);
			inputPaths = (
				"${PODS_PODFILE_DIR_PATH}/Podfile.lock",
				"${PODS_ROOT}/Manifest.lock",
			);
			name = "[CP] Check Pods Manifest.lock";
			outputPaths = (
				"$(DERIVED_FILE_DIR)/Pods-yukimoto-checkManifestLockResult.txt",
			);
			runOnlyForDeploymentPostprocessing = 0;
			shellPath = /bin/sh;
			shellScript = "diff \"${PODS_PODFILE_DIR_PATH}/Podfile.lock\" \"${PODS_ROOT}/Manifest.lock\" > /dev/null\nif [ $? != 0 ] ; then\n    # print error to STDERR\n    echo \"error: The sandbox is not in sync with the Podfile.lock. Run 'pod install' or update your CocoaPods installation.\" >&2\n    exit 1\nfi\n# This output is used by Xcode 'outputs' to avoid re-running this script phase.\necho \"SUCCESS\" > \"${SCRIPT_OUTPUT_FILE_0}\"\n";
			showEnvVarsInLog = 0;
		};
		613C381FC8016D404E39C56D /* [CP] Copy Pods Resources */ = {
			isa = PBXShellScriptBuildPhase;
			buildActionMask = 2147483647;
			files = (
			);
			inputPaths = (
			);
			name = "[CP] Copy Pods Resources";
			outputPaths = (
			);
			runOnlyForDeploymentPostprocessing = 0;
			shellPath = /bin/sh;
			shellScript = "\"${SRCROOT}/Pods/Target Support Files/Pods-yukimoto/Pods-yukimoto-resources.sh\"\n";
			showEnvVarsInLog = 0;
		};
		8ECFF316D5FD3D24A00AC1CB /* [CP] Embed Pods Frameworks */ = {
			isa = PBXShellScriptBuildPhase;
			buildActionMask = 2147483647;
			files = (
			);
			inputPaths = (
				"${SRCROOT}/Pods/Target Support Files/Pods-yukimoto/Pods-yukimoto-frameworks.sh",
				"${BUILT_PRODUCTS_DIR}/Alamofire/Alamofire.framework",
				"${BUILT_PRODUCTS_DIR}/Realm/Realm.framework",
				"${BUILT_PRODUCTS_DIR}/RealmSwift/RealmSwift.framework",
				"${BUILT_PRODUCTS_DIR}/SwiftyJSON/SwiftyJSON.framework",
			);
			name = "[CP] Embed Pods Frameworks";
			outputPaths = (
				"${TARGET_BUILD_DIR}/${FRAMEWORKS_FOLDER_PATH}/Alamofire.framework",
				"${TARGET_BUILD_DIR}/${FRAMEWORKS_FOLDER_PATH}/Realm.framework",
				"${TARGET_BUILD_DIR}/${FRAMEWORKS_FOLDER_PATH}/RealmSwift.framework",
				"${TARGET_BUILD_DIR}/${FRAMEWORKS_FOLDER_PATH}/SwiftyJSON.framework",
			);
			runOnlyForDeploymentPostprocessing = 0;
			shellPath = /bin/sh;
			shellScript = "\"${SRCROOT}/Pods/Target Support Files/Pods-yukimoto/Pods-yukimoto-frameworks.sh\"\n";
			showEnvVarsInLog = 0;
		};
/* End PBXShellScriptBuildPhase section */

/* Begin PBXSourcesBuildPhase section */
		DE11E0B91FB032D100D88539 /* Sources */ = {
			isa = PBXSourcesBuildPhase;
			buildActionMask = 2147483647;
			files = (
				DE11E0D41FB03A6200D88539 /* YukimotoNetworkClient.swift in Sources */,
				DE11E0C31FB032D100D88539 /* ViewController.swift in Sources */,
				DE11E0D91FB03FC300D88539 /* UserToken.swift in Sources */,
				DE11E0D61FB03ADF00D88539 /* YukimotoConfig.swift in Sources */,
				DE11E0C11FB032D100D88539 /* AppDelegate.swift in Sources */,
			);
			runOnlyForDeploymentPostprocessing = 0;
		};
/* End PBXSourcesBuildPhase section */

/* Begin PBXVariantGroup section */
		DE11E0C41FB032D100D88539 /* Main.storyboard */ = {
			isa = PBXVariantGroup;
			children = (
				DE11E0C51FB032D100D88539 /* Base */,
			);
			name = Main.storyboard;
			sourceTree = "<group>";
		};
		DE11E0C91FB032D100D88539 /* LaunchScreen.storyboard */ = {
			isa = PBXVariantGroup;
			children = (
				DE11E0CA1FB032D100D88539 /* Base */,
			);
			name = LaunchScreen.storyboard;
			sourceTree = "<group>";
		};
/* End PBXVariantGroup section */

/* Begin XCBuildConfiguration section */
		DE11E0CD1FB032D100D88539 /* Debug */ = {
			isa = XCBuildConfiguration;
			buildSettings = {
				ALWAYS_SEARCH_USER_PATHS = NO;
				CLANG_ANALYZER_NONNULL = YES;
				CLANG_ANALYZER_NUMBER_OBJECT_CONVERSION = YES_AGGRESSIVE;
				CLANG_CXX_LANGUAGE_STANDARD = "gnu++14";
				CLANG_CXX_LIBRARY = "libc++";
				CLANG_ENABLE_MODULES = YES;
				CLANG_ENABLE_OBJC_ARC = YES;
				CLANG_WARN_BLOCK_CAPTURE_AUTORELEASING = YES;
				CLANG_WARN_BOOL_CONVERSION = YES;
				CLANG_WARN_COMMA = YES;
				CLANG_WARN_CONSTANT_CONVERSION = YES;
				CLANG_WARN_DIRECT_OBJC_ISA_USAGE = YES_ERROR;
				CLANG_WARN_DOCUMENTATION_COMMENTS = YES;
				CLANG_WARN_EMPTY_BODY = YES;
				CLANG_WARN_ENUM_CONVERSION = YES;
				CLANG_WARN_INFINITE_RECURSION = YES;
				CLANG_WARN_INT_CONVERSION = YES;
				CLANG_WARN_NON_LITERAL_NULL_CONVERSION = YES;
				CLANG_WARN_OBJC_LITERAL_CONVERSION = YES;
				CLANG_WARN_OBJC_ROOT_CLASS = YES_ERROR;
				CLANG_WARN_RANGE_LOOP_ANALYSIS = YES;
				CLANG_WARN_STRICT_PROTOTYPES = YES;
				CLANG_WARN_SUSPICIOUS_MOVE = YES;
				CLANG_WARN_UNGUARDED_AVAILABILITY = YES_AGGRESSIVE;
				CLANG_WARN_UNREACHABLE_CODE = YES;
				CLANG_WARN__DUPLICATE_METHOD_MATCH = YES;
				CODE_SIGN_IDENTITY = "iPhone Developer";
				COPY_PHASE_STRIP = NO;
				DEBUG_INFORMATION_FORMAT = dwarf;
				ENABLE_STRICT_OBJC_MSGSEND = YES;
				ENABLE_TESTABILITY = YES;
				GCC_C_LANGUAGE_STANDARD = gnu11;
				GCC_DYNAMIC_NO_PIC = NO;
				GCC_NO_COMMON_BLOCKS = YES;
				GCC_OPTIMIZATION_LEVEL = 0;
				GCC_PREPROCESSOR_DEFINITIONS = (
					"DEBUG=1",
					"$(inherited)",
				);
				GCC_WARN_64_TO_32_BIT_CONVERSION = YES;
				GCC_WARN_ABOUT_RETURN_TYPE = YES_ERROR;
				GCC_WARN_UNDECLARED_SELECTOR = YES;
				GCC_WARN_UNINITIALIZED_AUTOS = YES_AGGRESSIVE;
				GCC_WARN_UNUSED_FUNCTION = YES;
				GCC_WARN_UNUSED_VARIABLE = YES;
				IPHONEOS_DEPLOYMENT_TARGET = 11.1;
				MTL_ENABLE_DEBUG_INFO = YES;
				ONLY_ACTIVE_ARCH = YES;
				SDKROOT = iphoneos;
				SWIFT_ACTIVE_COMPILATION_CONDITIONS = DEBUG;
				SWIFT_OPTIMIZATION_LEVEL = "-Onone";
			};
			name = Debug;
		};
		DE11E0CE1FB032D100D88539 /* Release */ = {
			isa = XCBuildConfiguration;
			buildSettings = {
				ALWAYS_SEARCH_USER_PATHS = NO;
				CLANG_ANALYZER_NONNULL = YES;
				CLANG_ANALYZER_NUMBER_OBJECT_CONVERSION = YES_AGGRESSIVE;
				CLANG_CXX_LANGUAGE_STANDARD = "gnu++14";
				CLANG_CXX_LIBRARY = "libc++";
				CLANG_ENABLE_MODULES = YES;
				CLANG_ENABLE_OBJC_ARC = YES;
				CLANG_WARN_BLOCK_CAPTURE_AUTORELEASING = YES;
				CLANG_WARN_BOOL_CONVERSION = YES;
				CLANG_WARN_COMMA = YES;
				CLANG_WARN_CONSTANT_CONVERSION = YES;
				CLANG_WARN_DIRECT_OBJC_ISA_USAGE = YES_ERROR;
				CLANG_WARN_DOCUMENTATION_COMMENTS = YES;
				CLANG_WARN_EMPTY_BODY = YES;
				CLANG_WARN_ENUM_CONVERSION = YES;
				CLANG_WARN_INFINITE_RECURSION = YES;
				CLANG_WARN_INT_CONVERSION = YES;
				CLANG_WARN_NON_LITERAL_NULL_CONVERSION = YES;
				CLANG_WARN_OBJC_LITERAL_CONVERSION = YES;
				CLANG_WARN_OBJC_ROOT_CLASS = YES_ERROR;
				CLANG_WARN_RANGE_LOOP_ANALYSIS = YES;
				CLANG_WARN_STRICT_PROTOTYPES = YES;
				CLANG_WARN_SUSPICIOUS_MOVE = YES;
				CLANG_WARN_UNGUARDED_AVAILABILITY = YES_AGGRESSIVE;
				CLANG_WARN_UNREACHABLE_CODE = YES;
				CLANG_WARN__DUPLICATE_METHOD_MATCH = YES;
				CODE_SIGN_IDENTITY = "iPhone Developer";
				COPY_PHASE_STRIP = NO;
				DEBUG_INFORMATION_FORMAT = "dwarf-with-dsym";
				ENABLE_NS_ASSERTIONS = NO;
				ENABLE_STRICT_OBJC_MSGSEND = YES;
				GCC_C_LANGUAGE_STANDARD = gnu11;
				GCC_NO_COMMON_BLOCKS = YES;
				GCC_WARN_64_TO_32_BIT_CONVERSION = YES;
				GCC_WARN_ABOUT_RETURN_TYPE = YES_ERROR;
				GCC_WARN_UNDECLARED_SELECTOR = YES;
				GCC_WARN_UNINITIALIZED_AUTOS = YES_AGGRESSIVE;
				GCC_WARN_UNUSED_FUNCTION = YES;
				GCC_WARN_UNUSED_VARIABLE = YES;
				IPHONEOS_DEPLOYMENT_TARGET = 11.1;
				MTL_ENABLE_DEBUG_INFO = NO;
				SDKROOT = iphoneos;
				SWIFT_OPTIMIZATION_LEVEL = "-Owholemodule";
				VALIDATE_PRODUCT = YES;
			};
			name = Release;
		};
		DE11E0D01FB032D100D88539 /* Debug */ = {
			isa = XCBuildConfiguration;
			baseConfigurationReference = 75C11DBEE59A8404278DED37 /* Pods-yukimoto.debug.xcconfig */;
			buildSettings = {
				ASSETCATALOG_COMPILER_APPICON_NAME = AppIcon;
				CODE_SIGN_STYLE = Automatic;
				DEVELOPMENT_TEAM = SH6S3Z5N6B;
				INFOPLIST_FILE = yukimoto/Info.plist;
				LD_RUNPATH_SEARCH_PATHS = "$(inherited) @executable_path/Frameworks";
				PRODUCT_BUNDLE_IDENTIFIER = tolv.yukimoto;
				PRODUCT_NAME = "$(TARGET_NAME)";
				SWIFT_VERSION = 4.0;
				TARGETED_DEVICE_FAMILY = "1,2";
			};
			name = Debug;
		};
		DE11E0D11FB032D100D88539 /* Release */ = {
			isa = XCBuildConfiguration;
			baseConfigurationReference = 85CB86265A7C01EDD9E1C3A8 /* Pods-yukimoto.release.xcconfig */;
			buildSettings = {
				ASSETCATALOG_COMPILER_APPICON_NAME = AppIcon;
				CODE_SIGN_STYLE = Automatic;
				DEVELOPMENT_TEAM = SH6S3Z5N6B;
				INFOPLIST_FILE = yukimoto/Info.plist;
				LD_RUNPATH_SEARCH_PATHS = "$(inherited) @executable_path/Frameworks";
				PRODUCT_BUNDLE_IDENTIFIER = tolv.yukimoto;
				PRODUCT_NAME = "$(TARGET_NAME)";
				SWIFT_VERSION = 4.0;
				TARGETED_DEVICE_FAMILY = "1,2";
			};
			name = Release;
		};
/* End XCBuildConfiguration section */

/* Begin XCConfigurationList section */
		DE11E0B81FB032D000D88539 /* Build configuration list for PBXProject "yukimoto" */ = {
			isa = XCConfigurationList;
			buildConfigurations = (
				DE11E0CD1FB032D100D88539 /* Debug */,
				DE11E0CE1FB032D100D88539 /* Release */,
			);
			defaultConfigurationIsVisible = 0;
			defaultConfigurationName = Release;
		};
		DE11E0CF1FB032D100D88539 /* Build configuration list for PBXNativeTarget "yukimoto" */ = {
			isa = XCConfigurationList;
			buildConfigurations = (
				DE11E0D01FB032D100D88539 /* Debug */,
				DE11E0D11FB032D100D88539 /* Release */,
			);
			defaultConfigurationIsVisible = 0;
			defaultConfigurationName = Release;
		};
/* End XCConfigurationList section */
	};
	rootObject = DE11E0B51FB032D000D88539 /* Project object */;
}
